
Microsoft Visual Studio Solution File, Format Version 12.00
# Visual Studio Version 17
VisualStudioVersion = 17.0.31903.59
MinimumVisualStudioVersion = 10.0.40219.1
Project("{FAE04EC0-301F-11D3-BF4B-00C04F79EFBC}") = "API", "API\API.csproj", "{54E14F11-0975-470F-8692-DEA9883B8DE7}"
EndProject
Project("{FAE04EC0-301F-11D3-BF4B-00C04F79EFBC}") = "Application", "Application\Application.csproj", "{B272ADB3-27E9-42B2-8AA5-AB43CCADE5E0}"
EndProject
Project("{FAE04EC0-301F-11D3-BF4B-00C04F79EFBC}") = "Domain", "Domain\Domain.csproj", "{26D8B6C9-F3C9-4FCF-BF3E-EE335603E8DB}"
EndProject
Project("{FAE04EC0-301F-11D3-BF4B-00C04F79EFBC}") = "Persistence", "Persistence\Persistence.csproj", "{3906DE72-0E20-4751-A064-FA2A1FBC0A8E}"
EndProject
Global
	GlobalSection(SolutionConfigurationPlatforms) = preSolution
		Debug|Any CPU = Debug|Any CPU
		Release|Any CPU = Release|Any CPU
	EndGlobalSection
	GlobalSection(SolutionProperties) = preSolution
		HideSolutionNode = FALSE
	EndGlobalSection
	GlobalSection(ProjectConfigurationPlatforms) = postSolution
		{54E14F11-0975-470F-8692-DEA9883B8DE7}.Debug|Any CPU.ActiveCfg = Debug|Any CPU
		{54E14F11-0975-470F-8692-DEA9883B8DE7}.Debug|Any CPU.Build.0 = Debug|Any CPU
		{54E14F11-0975-470F-8692-DEA9883B8DE7}.Release|Any CPU.ActiveCfg = Release|Any CPU
		{54E14F11-0975-470F-8692-DEA9883B8DE7}.Release|Any CPU.Build.0 = Release|Any CPU
		{B272ADB3-27E9-42B2-8AA5-AB43CCADE5E0}.Debug|Any CPU.ActiveCfg = Debug|Any CPU
		{B272ADB3-27E9-42B2-8AA5-AB43CCADE5E0}.Debug|Any CPU.Build.0 = Debug|Any CPU
		{B272ADB3-27E9-42B2-8AA5-AB43CCADE5E0}.Release|Any CPU.ActiveCfg = Release|Any CPU
		{B272ADB3-27E9-42B2-8AA5-AB43CCADE5E0}.Release|Any CPU.Build.0 = Release|Any CPU
		{26D8B6C9-F3C9-4FCF-BF3E-EE335603E8DB}.Debug|Any CPU.ActiveCfg = Debug|Any CPU
		{26D8B6C9-F3C9-4FCF-BF3E-EE335603E8DB}.Debug|Any CPU.Build.0 = Debug|Any CPU
		{26D8B6C9-F3C9-4FCF-BF3E-EE335603E8DB}.Release|Any CPU.ActiveCfg = Release|Any CPU
		{26D8B6C9-F3C9-4FCF-BF3E-EE335603E8DB}.Release|Any CPU.Build.0 = Release|Any CPU
		{3906DE72-0E20-4751-A064-FA2A1FBC0A8E}.Debug|Any CPU.ActiveCfg = Debug|Any CPU
		{3906DE72-0E20-4751-A064-FA2A1FBC0A8E}.Debug|Any CPU.Build.0 = Debug|Any CPU
		{3906DE72-0E20-4751-A064-FA2A1FBC0A8E}.Release|Any CPU.ActiveCfg = Release|Any CPU
		{3906DE72-0E20-4751-A064-FA2A1FBC0A8E}.Release|Any CPU.Build.0 = Release|Any CPU
	EndGlobalSection
EndGlobal
